{
  "lockfileVersion": 1,
  "configVersion": 0,
  "workspaces": {
    "": {
      "name": "bun-react-template",
      "dependencies": {
        "@ant-design/icons": "5.x",
        "antd": "^5.27.4",
        "react": "^19",
        "react-dom": "^19",
        "zustand": "^5.0.8",
      },
      "devDependencies": {
        "@types/ini": "^4.1.1",
        "@types/react": "^19",
        "@types/react-dom": "^19",
        "chokidar": "^4.0.3",
        "concurrently": "^9.2.1",
        "ini": "^5.0.0",
        "mysql2": "^3.15.1",
      },
    },
  },
  "packages": {
    "@ant-design/colors": ["@ant-design/colors@7.2.1", "", { "dependencies": { "@ant-design/fast-color": "^2.0.6" } }, "sha512-lCHDcEzieu4GA3n8ELeZ5VQ8pKQAWcGGLRTQ50aQM2iqPpq2evTxER84jfdPvsPAtEcZ7m44NI45edFMo8oOYQ=="],

    "@ant-design/cssinjs": ["@ant-design/cssinjs@1.24.0", "", { "dependencies": { "@babel/runtime": "^7.11.1", "@emotion/hash": "^0.8.0", "@emotion/unitless": "^0.7.5", "classnames": "^2.3.1", "csstype": "^3.1.3", "rc-util": "^5.35.0", "stylis": "^4.3.4" }, "peerDependencies": { "react": ">=16.0.0", "react-dom": ">=16.0.0" } }, "sha512-K4cYrJBsgvL+IoozUXYjbT6LHHNt+19a9zkvpBPxLjFHas1UpPM2A5MlhROb0BT8N8WoavM5VsP9MeSeNK/3mg=="],

    "@ant-design/cssinjs-utils": ["@ant-design/cssinjs-utils@1.1.3", "", { "dependencies": { "@ant-design/cssinjs": "^1.21.0", "@babel/runtime": "^7.23.2", "rc-util": "^5.38.0" }, "peerDependencies": { "react": ">=16.9.0", "react-dom": ">=16.9.0" } }, "sha512-nOoQMLW1l+xR1Co8NFVYiP8pZp3VjIIzqV6D6ShYF2ljtdwWJn5WSsH+7kvCktXL/yhEtWURKOfH5Xz/gzlwsg=="],

    "@ant-design/fast-color": ["@ant-design/fast-color@2.0.6", "", { "dependencies": { "@babel/runtime": "^7.24.7" } }, "sha512-y2217gk4NqL35giHl72o6Zzqji9O7vHh9YmhUVkPtAOpoTCH4uWxo/pr4VE8t0+ChEPs0qo4eJRC5Q1eXWo3vA=="],

    "@ant-design/icons": ["@ant-design/icons@5.6.1", "", { "dependencies": { "@ant-design/colors": "^7.0.0", "@ant-design/icons-svg": "^4.4.0", "@babel/runtime": "^7.24.8", "classnames": "^2.2.6", "rc-util": "^5.31.1" }, "peerDependencies": { "react": ">=16.0.0", "react-dom": ">=16.0.0" } }, "sha512-0/xS39c91WjPAZOWsvi1//zjx6kAp4kxWwctR6kuU6p133w8RU0D2dSCvZC19uQyharg/sAvYxGYWl01BbZZfg=="],

    "@ant-design/icons-svg": ["@ant-design/icons-svg@4.4.2", "", {}, "sha512-vHbT+zJEVzllwP+CM+ul7reTEfBR0vgxFe7+lREAsAA7YGsYpboiq2sQNeQeRvh09GfQgs/GyFEvZpJ9cLXpXA=="],

    "@ant-design/react-slick": ["@ant-design/react-slick@1.1.2", "", { "dependencies": { "@babel/runtime": "^7.10.4", "classnames": "^2.2.5", "json2mq": "^0.2.0", "resize-observer-polyfill": "^1.5.1", "throttle-debounce": "^5.0.0" }, "peerDependencies": { "react": ">=16.9.0" } }, "sha512-EzlvzE6xQUBrZuuhSAFTdsr4P2bBBHGZwKFemEfq8gIGyIQCxalYfZW/T2ORbtQx5rU69o+WycP3exY/7T1hGA=="],

    "@babel/runtime": ["@babel/runtime@7.28.4", "", {}, "sha512-Q/N6JNWvIvPnLDvjlE1OUBLPQHH6l3CltCEsHIujp45zQUSSh8K+gHnaEX45yAT1nyngnINhvWtzN+Nb9D8RAQ=="],

    "@emotion/hash": ["@emotion/hash@0.8.0", "", {}, "sha512-kBJtf7PH6aWwZ6fka3zQ0p6SBYzx4fl1LoZXE2RrnYST9Xljm7WfKJrU4g/Xr3Beg72MLrp1AWNUmuYJTL7Cow=="],

    "@emotion/unitless": ["@emotion/unitless@0.7.5", "", {}, "sha512-OWORNpfjMsSSUBVrRBVGECkhWcULOAJz9ZW8uK9qgxD+87M7jHRcvh/A96XXNhXTLmKcoYSQtBEX7lHMO7YRwg=="],

    "@rc-component/async-validator": ["@rc-component/async-validator@5.0.4", "", { "dependencies": { "@babel/runtime": "^7.24.4" } }, "sha512-qgGdcVIF604M9EqjNF0hbUTz42bz/RDtxWdWuU5EQe3hi7M8ob54B6B35rOsvX5eSvIHIzT9iH1R3n+hk3CGfg=="],

    "@rc-component/color-picker": ["@rc-component/color-picker@2.0.1", "", { "dependencies": { "@ant-design/fast-color": "^2.0.6", "@babel/runtime": "^7.23.6", "classnames": "^2.2.6", "rc-util": "^5.38.1" }, "peerDependencies": { "react": ">=16.9.0", "react-dom": ">=16.9.0" } }, "sha512-WcZYwAThV/b2GISQ8F+7650r5ZZJ043E57aVBFkQ+kSY4C6wdofXgB0hBx+GPGpIU0Z81eETNoDUJMr7oy/P8Q=="],

    "@rc-component/context": ["@rc-component/context@1.4.0", "", { "dependencies": { "@babel/runtime": "^7.10.1", "rc-util": "^5.27.0" }, "peerDependencies": { "react": ">=16.9.0", "react-dom": ">=16.9.0" } }, "sha512-kFcNxg9oLRMoL3qki0OMxK+7g5mypjgaaJp/pkOis/6rVxma9nJBF/8kCIuTYHUQNr0ii7MxqE33wirPZLJQ2w=="],

    "@rc-component/mini-decimal": ["@rc-component/mini-decimal@1.1.0", "", { "dependencies": { "@babel/runtime": "^7.18.0" } }, "sha512-jS4E7T9Li2GuYwI6PyiVXmxTiM6b07rlD9Ge8uGZSCz3WlzcG5ZK7g5bbuKNeZ9pgUuPK/5guV781ujdVpm4HQ=="],

    "@rc-component/mutate-observer": ["@rc-component/mutate-observer@1.1.0", "", { "dependencies": { "@babel/runtime": "^7.18.0", "classnames": "^2.3.2", "rc-util": "^5.24.4" }, "peerDependencies": { "react": ">=16.9.0", "react-dom": ">=16.9.0" } }, "sha512-QjrOsDXQusNwGZPf4/qRQasg7UFEj06XiCJ8iuiq/Io7CrHrgVi6Uuetw60WAMG1799v+aM8kyc+1L/GBbHSlw=="],

    "@rc-component/portal": ["@rc-component/portal@1.1.2", "", { "dependencies": { "@babel/runtime": "^7.18.0", "classnames": "^2.3.2", "rc-util": "^5.24.4" }, "peerDependencies": { "react": ">=16.9.0", "react-dom": ">=16.9.0" } }, "sha512-6f813C0IsasTZms08kfA8kPAGxbbkYToa8ALaiDIGGECU4i9hj8Plgbx0sNJDrey3EtHO30hmdaxtT0138xZcg=="],

    "@rc-component/qrcode": ["@rc-component/qrcode@1.0.1", "", { "dependencies": { "@babel/runtime": "^7.24.7", "classnames": "^2.3.2" }, "peerDependencies": { "react": ">=16.9.0", "react-dom": ">=16.9.0" } }, "sha512-g8eeeaMyFXVlq8cZUeaxCDhfIYjpao0l9cvm5gFwKXy/Vm1yDWV7h2sjH5jHYzdFedlVKBpATFB1VKMrHzwaWQ=="],

    "@rc-component/tour": ["@rc-component/tour@1.15.1", "", { "dependencies": { "@babel/runtime": "^7.18.0", "@rc-component/portal": "^1.0.0-9", "@rc-component/trigger": "^2.0.0", "classnames": "^2.3.2", "rc-util": "^5.24.4" }, "peerDependencies": { "react": ">=16.9.0", "react-dom": ">=16.9.0" } }, "sha512-Tr2t7J1DKZUpfJuDZWHxyxWpfmj8EZrqSgyMZ+BCdvKZ6r1UDsfU46M/iWAAFBy961Ssfom2kv5f3UcjIL2CmQ=="],

    "@rc-component/trigger": ["@rc-component/trigger@2.3.0", "", { "dependencies": { "@babel/runtime": "^7.23.2", "@rc-component/portal": "^1.1.0", "classnames": "^2.3.2", "rc-motion": "^2.0.0", "rc-resize-observer": "^1.3.1", "rc-util": "^5.44.0" }, "peerDependencies": { "react": ">=16.9.0", "react-dom": ">=16.9.0" } }, "sha512-iwaxZyzOuK0D7lS+0AQEtW52zUWxoGqTGkke3dRyb8pYiShmRpCjB/8TzPI4R6YySCH7Vm9BZj/31VPiiQTLBg=="],

    "@types/ini": ["@types/ini@4.1.1", "", {}, "sha512-MIyNUZipBTbyUNnhvuXJTY7B6qNI78meck9Jbv3wk0OgNwRyOOVEKDutAkOs1snB/tx0FafyR6/SN4Ps0hZPeg=="],

    "@types/react": ["@types/react@19.1.13", "", { "dependencies": { "csstype": "^3.0.2" } }, "sha512-hHkbU/eoO3EG5/MZkuFSKmYqPbSVk5byPFa3e7y/8TybHiLMACgI8seVYlicwk7H5K/rI2px9xrQp/C+AUDTiQ=="],

    "@types/react-dom": ["@types/react-dom@19.1.9", "", { "peerDependencies": { "@types/react": "^19.0.0" } }, "sha512-qXRuZaOsAdXKFyOhRBg6Lqqc0yay13vN7KrIg4L7N4aaHN68ma9OK3NE1BoDFgFOTfM7zg+3/8+2n8rLUH3OKQ=="],

    "ansi-regex": ["ansi-regex@5.0.1", "", {}, "sha512-quJQXlTSUGL2LH9SUXo8VwsY4soanhgo6LNSm84E1LBcE8s3O0wpdiRzyR9z/ZZJMlMWv37qOOb9pdJlMUEKFQ=="],

    "ansi-styles": ["ansi-styles@4.3.0", "", { "dependencies": { "color-convert": "^2.0.1" } }, "sha512-zbB9rCJAT1rbjiVDb2hqKFHNYLxgtk8NURxZ3IZwD3F6NtxbXZQCnnSi1Lkx+IDohdPlFp222wVALIheZJQSEg=="],

    "antd": ["antd@5.27.4", "", { "dependencies": { "@ant-design/colors": "^7.2.1", "@ant-design/cssinjs": "^1.23.0", "@ant-design/cssinjs-utils": "^1.1.3", "@ant-design/fast-color": "^2.0.6", "@ant-design/icons": "^5.6.1", "@ant-design/react-slick": "~1.1.2", "@babel/runtime": "^7.26.0", "@rc-component/color-picker": "~2.0.1", "@rc-component/mutate-observer": "^1.1.0", "@rc-component/qrcode": "~1.0.0", "@rc-component/tour": "~1.15.1", "@rc-component/trigger": "^2.3.0", "classnames": "^2.5.1", "copy-to-clipboard": "^3.3.3", "dayjs": "^1.11.11", "rc-cascader": "~3.34.0", "rc-checkbox": "~3.5.0", "rc-collapse": "~3.9.0", "rc-dialog": "~9.6.0", "rc-drawer": "~7.3.0", "rc-dropdown": "~4.2.1", "rc-field-form": "~2.7.0", "rc-image": "~7.12.0", "rc-input": "~1.8.0", "rc-input-number": "~9.5.0", "rc-mentions": "~2.20.0", "rc-menu": "~9.16.1", "rc-motion": "^2.9.5", "rc-notification": "~5.6.4", "rc-pagination": "~5.1.0", "rc-picker": "~4.11.3", "rc-progress": "~4.0.0", "rc-rate": "~2.13.1", "rc-resize-observer": "^1.4.3", "rc-segmented": "~2.7.0", "rc-select": "~14.16.8", "rc-slider": "~11.1.9", "rc-steps": "~6.0.1", "rc-switch": "~4.1.0", "rc-table": "~7.53.0", "rc-tabs": "~15.7.0", "rc-textarea": "~1.10.2", "rc-tooltip": "~6.4.0", "rc-tree": "~5.13.1", "rc-tree-select": "~5.27.0", "rc-upload": "~4.9.2", "rc-util": "^5.44.4", "scroll-into-view-if-needed": "^3.1.0", "throttle-debounce": "^5.0.2" }, "peerDependencies": { "react": ">=16.9.0", "react-dom": ">=16.9.0" } }, "sha512-rhArohoAUCxhkPjGI/BXthOrrjaElL4Fb7d4vEHnIR3DpxFXfegd4rN21IgGdiF+Iz4EFuUZu8MdS8NuJHLSVQ=="],

    "aws-ssl-profiles": ["aws-ssl-profiles@1.1.2", "", {}, "sha512-NZKeq9AfyQvEeNlN0zSYAaWrmBffJh3IELMZfRpJVWgrpEbtEpnjvzqBPf+mxoI287JohRDoa+/nsfqqiZmF6g=="],

    "chalk": ["chalk@4.1.2", "", { "dependencies": { "ansi-styles": "^4.1.0", "supports-color": "^7.1.0" } }, "sha512-oKnbhFyRIXpUuez8iBMmyEa4nbj4IOQyuhc/wy9kY7/WVPcwIO9VA668Pu8RkO7+0G76SLROeyw9CpQ061i4mA=="],

    "chokidar": ["chokidar@4.0.3", "", { "dependencies": { "readdirp": "^4.0.1" } }, "sha512-Qgzu8kfBvo+cA4962jnP1KkS6Dop5NS6g7R5LFYJr4b8Ub94PPQXUksCw9PvXoeXPRRddRNC5C1JQUR2SMGtnA=="],

    "classnames": ["classnames@2.5.1", "", {}, "sha512-saHYOzhIQs6wy2sVxTM6bUDsQO4F50V9RQ22qBpEdCW+I+/Wmke2HOl6lS6dTpdxVhb88/I6+Hs+438c3lfUow=="],

    "cliui": ["cliui@8.0.1", "", { "dependencies": { "string-width": "^4.2.0", "strip-ansi": "^6.0.1", "wrap-ansi": "^7.0.0" } }, "sha512-BSeNnyus75C4//NQ9gQt1/csTXyo/8Sb+afLAkzAptFuMsod9HFokGNudZpi/oQV73hnVK+sR+5PVRMd+Dr7YQ=="],

    "color-convert": ["color-convert@2.0.1", "", { "dependencies": { "color-name": "~1.1.4" } }, "sha512-RRECPsj7iu/xb5oKYcsFHSppFNnsj/52OVTRKb4zP5onXwVF3zVmmToNcOfGC+CRDpfK/U584fMg38ZHCaElKQ=="],

    "color-name": ["color-name@1.1.4", "", {}, "sha512-dOy+3AuW3a2wNbZHIuMZpTcgjGuLU/uBL/ubcZF9OXbDo8ff4O8yVp5Bf0efS8uEoYo5q4Fx7dY9OgQGXgAsQA=="],

    "compute-scroll-into-view": ["compute-scroll-into-view@3.1.1", "", {}, "sha512-VRhuHOLoKYOy4UbilLbUzbYg93XLjv2PncJC50EuTWPA3gaja1UjBsUP/D/9/juV3vQFr6XBEzn9KCAHdUvOHw=="],

    "concurrently": ["concurrently@9.2.1", "", { "dependencies": { "chalk": "4.1.2", "rxjs": "7.8.2", "shell-quote": "1.8.3", "supports-color": "8.1.1", "tree-kill": "1.2.2", "yargs": "17.7.2" }, "bin": { "conc": "dist/bin/concurrently.js", "concurrently": "dist/bin/concurrently.js" } }, "sha512-fsfrO0MxV64Znoy8/l1vVIjjHa29SZyyqPgQBwhiDcaW8wJc2W3XWVOGx4M3oJBnv/zdUZIIp1gDeS98GzP8Ng=="],

    "copy-to-clipboard": ["copy-to-clipboard@3.3.3", "", { "dependencies": { "toggle-selection": "^1.0.6" } }, "sha512-2KV8NhB5JqC3ky0r9PMCAZKbUHSwtEo4CwCs0KXgruG43gX5PMqDEBbVU4OUzw2MuAWUfsuFmWvEKG5QRfSnJA=="],

    "csstype": ["csstype@3.1.3", "", {}, "sha512-M1uQkMl8rQK/szD0LNhtqxIPLpimGm8sOBwU7lLnCpSbTyY3yeU1Vc7l4KT5zT4s/yOxHH5O7tIuuLOCnLADRw=="],

    "dayjs": ["dayjs@1.11.18", "", {}, "sha512-zFBQ7WFRvVRhKcWoUh+ZA1g2HVgUbsZm9sbddh8EC5iv93sui8DVVz1Npvz+r6meo9VKfa8NyLWBsQK1VvIKPA=="],

    "denque": ["denque@2.1.0", "", {}, "sha512-HVQE3AAb/pxF8fQAoiqpvg9i3evqug3hoiwakOyZAwJm+6vZehbkYXZ0l4JxS+I3QxM97v5aaRNhj8v5oBhekw=="],

    "emoji-regex": ["emoji-regex@8.0.0", "", {}, "sha512-MSjYzcWNOA0ewAHpz0MxpYFvwg6yjy1NG3xteoqz644VCo/RPgnr1/GGt+ic3iJTzQ8Eu3TdM14SawnVUmGE6A=="],

    "escalade": ["escalade@3.2.0", "", {}, "sha512-WUj2qlxaQtO4g6Pq5c29GTcWGDyd8itL8zTlipgECz3JesAiiOKotd8JU6otB3PACgG6xkJUyVhboMS+bje/jA=="],

    "generate-function": ["generate-function@2.3.1", "", { "dependencies": { "is-property": "^1.0.2" } }, "sha512-eeB5GfMNeevm/GRYq20ShmsaGcmI81kIX2K9XQx5miC8KdHaC6Jm0qQ8ZNeGOi7wYB8OsdxKs+Y2oVuTFuVwKQ=="],

    "get-caller-file": ["get-caller-file@2.0.5", "", {}, "sha512-DyFP3BM/3YHTQOCUL/w0OZHR0lpKeGrxotcHWcqNEdnltqFwXVfhEBQ94eIo34AfQpo0rGki4cyIiftY06h2Fg=="],

    "has-flag": ["has-flag@4.0.0", "", {}, "sha512-EykJT/Q1KjTWctppgIAgfSO0tKVuZUjhgMr17kqTumMl6Afv3EISleU7qZUzoXDFTAHTDC4NOoG/ZxU3EvlMPQ=="],

    "iconv-lite": ["iconv-lite@0.7.0", "", { "dependencies": { "safer-buffer": ">= 2.1.2 < 3.0.0" } }, "sha512-cf6L2Ds3h57VVmkZe+Pn+5APsT7FpqJtEhhieDCvrE2MK5Qk9MyffgQyuxQTm6BChfeZNtcOLHp9IcWRVcIcBQ=="],

    "ini": ["ini@5.0.0", "", {}, "sha512-+N0ngpO3e7cRUWOJAS7qw0IZIVc6XPrW4MlFBdD066F2L4k1L6ker3hLqSq7iXxU5tgS4WGkIUElWn5vogAEnw=="],

    "is-fullwidth-code-point": ["is-fullwidth-code-point@3.0.0", "", {}, "sha512-zymm5+u+sCsSWyD9qNaejV3DFvhCKclKdizYaJUuHA83RLjb7nSuGnddCHGv0hk+KY7BMAlsWeK4Ueg6EV6XQg=="],

    "is-property": ["is-property@1.0.2", "", {}, "sha512-Ks/IoX00TtClbGQr4TWXemAnktAQvYB7HzcCxDGqEZU6oCmb2INHuOoKxbtR+HFkmYWBKv/dOZtGRiAjDhj92g=="],

    "json2mq": ["json2mq@0.2.0", "", { "dependencies": { "string-convert": "^0.2.0" } }, "sha512-SzoRg7ux5DWTII9J2qkrZrqV1gt+rTaoufMxEzXbS26Uid0NwaJd123HcoB80TgubEppxxIGdNxCx50fEoEWQA=="],

    "long": ["long@5.3.2", "", {}, "sha512-mNAgZ1GmyNhD7AuqnTG3/VQ26o760+ZYBPKjPvugO8+nLbYfX6TVpJPseBvopbdY+qpZ/lKUnmEc1LeZYS3QAA=="],

    "lru-cache": ["lru-cache@7.18.3", "", {}, "sha512-jumlc0BIUrS3qJGgIkWZsyfAM7NCWiBcCDhnd+3NNM5KbBmLTgHVfWBcg6W+rLUsIpzpERPsvwUP7CckAQSOoA=="],

    "lru.min": ["lru.min@1.1.2", "", {}, "sha512-Nv9KddBcQSlQopmBHXSsZVY5xsdlZkdH/Iey0BlcBYggMd4two7cZnKOK9vmy3nY0O5RGH99z1PCeTpPqszUYg=="],

    "mysql2": ["mysql2@3.15.1", "", { "dependencies": { "aws-ssl-profiles": "^1.1.1", "denque": "^2.1.0", "generate-function": "^2.3.1", "iconv-lite": "^0.7.0", "long": "^5.2.1", "lru.min": "^1.0.0", "named-placeholders": "^1.1.3", "seq-queue": "^0.0.5", "sqlstring": "^2.3.2" } }, "sha512-WZMIRZstT2MFfouEaDz/AGFnGi1A2GwaDe7XvKTdRJEYiAHbOrh4S3d8KFmQeh11U85G+BFjIvS1Di5alusZsw=="],

    "named-placeholders": ["named-placeholders@1.1.3", "", { "dependencies": { "lru-cache": "^7.14.1" } }, "sha512-eLoBxg6wE/rZkJPhU/xRX1WTpkFEwDJEN96oxFrTsqBdbT5ec295Q+CoHrL9IT0DipqKhmGcaZmwOt8OON5x1w=="],

    "rc-cascader": ["rc-cascader@3.34.0", "", { "dependencies": { "@babel/runtime": "^7.25.7", "classnames": "^2.3.1", "rc-select": "~14.16.2", "rc-tree": "~5.13.0", "rc-util": "^5.43.0" }, "peerDependencies": { "react": ">=16.9.0", "react-dom": ">=16.9.0" } }, "sha512-KpXypcvju9ptjW9FaN2NFcA2QH9E9LHKq169Y0eWtH4e/wHQ5Wh5qZakAgvb8EKZ736WZ3B0zLLOBsrsja5Dag=="],

    "rc-checkbox": ["rc-checkbox@3.5.0", "", { "dependencies": { "@babel/runtime": "^7.10.1", "classnames": "^2.3.2", "rc-util": "^5.25.2" }, "peerDependencies": { "react": ">=16.9.0", "react-dom": ">=16.9.0" } }, "sha512-aOAQc3E98HteIIsSqm6Xk2FPKIER6+5vyEFMZfo73TqM+VVAIqOkHoPjgKLqSNtVLWScoaM7vY2ZrGEheI79yg=="],

    "rc-collapse": ["rc-collapse@3.9.0", "", { "dependencies": { "@babel/runtime": "^7.10.1", "classnames": "2.x", "rc-motion": "^2.3.4", "rc-util": "^5.27.0" }, "peerDependencies": { "react": ">=16.9.0", "react-dom": ">=16.9.0" } }, "sha512-swDdz4QZ4dFTo4RAUMLL50qP0EY62N2kvmk2We5xYdRwcRn8WcYtuetCJpwpaCbUfUt5+huLpVxhvmnK+PHrkA=="],

    "rc-dialog": ["rc-dialog@9.6.0", "", { "dependencies": { "@babel/runtime": "^7.10.1", "@rc-component/portal": "^1.0.0-8", "classnames": "^2.2.6", "rc-motion": "^2.3.0", "rc-util": "^5.21.0" }, "peerDependencies": { "react": ">=16.9.0", "react-dom": ">=16.9.0" } }, "sha512-ApoVi9Z8PaCQg6FsUzS8yvBEQy0ZL2PkuvAgrmohPkN3okps5WZ5WQWPc1RNuiOKaAYv8B97ACdsFU5LizzCqg=="],

    "rc-drawer": ["rc-drawer@7.3.0", "", { "dependencies": { "@babel/runtime": "^7.23.9", "@rc-component/portal": "^1.1.1", "classnames": "^2.2.6", "rc-motion": "^2.6.1", "rc-util": "^5.38.1" }, "peerDependencies": { "react": ">=16.9.0", "react-dom": ">=16.9.0" } }, "sha512-DX6CIgiBWNpJIMGFO8BAISFkxiuKitoizooj4BDyee8/SnBn0zwO2FHrNDpqqepj0E/TFTDpmEBCyFuTgC7MOg=="],

    "rc-dropdown": ["rc-dropdown@4.2.1", "", { "dependencies": { "@babel/runtime": "^7.18.3", "@rc-component/trigger": "^2.0.0", "classnames": "^2.2.6", "rc-util": "^5.44.1" }, "peerDependencies": { "react": ">=16.11.0", "react-dom": ">=16.11.0" } }, "sha512-YDAlXsPv3I1n42dv1JpdM7wJ+gSUBfeyPK59ZpBD9jQhK9jVuxpjj3NmWQHOBceA1zEPVX84T2wbdb2SD0UjmA=="],

    "rc-field-form": ["rc-field-form@2.7.0", "", { "dependencies": { "@babel/runtime": "^7.18.0", "@rc-component/async-validator": "^5.0.3", "rc-util": "^5.32.2" }, "peerDependencies": { "react": ">=16.9.0", "react-dom": ">=16.9.0" } }, "sha512-hgKsCay2taxzVnBPZl+1n4ZondsV78G++XVsMIJCAoioMjlMQR9YwAp7JZDIECzIu2Z66R+f4SFIRrO2DjDNAA=="],

    "rc-image": ["rc-image@7.12.0", "", { "dependencies": { "@babel/runtime": "^7.11.2", "@rc-component/portal": "^1.0.2", "classnames": "^2.2.6", "rc-dialog": "~9.6.0", "rc-motion": "^2.6.2", "rc-util": "^5.34.1" }, "peerDependencies": { "react": ">=16.9.0", "react-dom": ">=16.9.0" } }, "sha512-cZ3HTyyckPnNnUb9/DRqduqzLfrQRyi+CdHjdqgsyDpI3Ln5UX1kXnAhPBSJj9pVRzwRFgqkN7p9b6HBDjmu/Q=="],

    "rc-input": ["rc-input@1.8.0", "", { "dependencies": { "@babel/runtime": "^7.11.1", "classnames": "^2.2.1", "rc-util": "^5.18.1" }, "peerDependencies": { "react": ">=16.0.0", "react-dom": ">=16.0.0" } }, "sha512-KXvaTbX+7ha8a/k+eg6SYRVERK0NddX8QX7a7AnRvUa/rEH0CNMlpcBzBkhI0wp2C8C4HlMoYl8TImSN+fuHKA=="],

    "rc-input-number": ["rc-input-number@9.5.0", "", { "dependencies": { "@babel/runtime": "^7.10.1", "@rc-component/mini-decimal": "^1.0.1", "classnames": "^2.2.5", "rc-input": "~1.8.0", "rc-util": "^5.40.1" }, "peerDependencies": { "react": ">=16.9.0", "react-dom": ">=16.9.0" } }, "sha512-bKaEvB5tHebUURAEXw35LDcnRZLq3x1k7GxfAqBMzmpHkDGzjAtnUL8y4y5N15rIFIg5IJgwr211jInl3cipag=="],

    "rc-mentions": ["rc-mentions@2.20.0", "", { "dependencies": { "@babel/runtime": "^7.22.5", "@rc-component/trigger": "^2.0.0", "classnames": "^2.2.6", "rc-input": "~1.8.0", "rc-menu": "~9.16.0", "rc-textarea": "~1.10.0", "rc-util": "^5.34.1" }, "peerDependencies": { "react": ">=16.9.0", "react-dom": ">=16.9.0" } }, "sha512-w8HCMZEh3f0nR8ZEd466ATqmXFCMGMN5UFCzEUL0bM/nGw/wOS2GgRzKBcm19K++jDyuWCOJOdgcKGXU3fXfbQ=="],

    "rc-menu": ["rc-menu@9.16.1", "", { "dependencies": { "@babel/runtime": "^7.10.1", "@rc-component/trigger": "^2.0.0", "classnames": "2.x", "rc-motion": "^2.4.3", "rc-overflow": "^1.3.1", "rc-util": "^5.27.0" }, "peerDependencies": { "react": ">=16.9.0", "react-dom": ">=16.9.0" } }, "sha512-ghHx6/6Dvp+fw8CJhDUHFHDJ84hJE3BXNCzSgLdmNiFErWSOaZNsihDAsKq9ByTALo/xkNIwtDFGIl6r+RPXBg=="],

    "rc-motion": ["rc-motion@2.9.5", "", { "dependencies": { "@babel/runtime": "^7.11.1", "classnames": "^2.2.1", "rc-util": "^5.44.0" }, "peerDependencies": { "react": ">=16.9.0", "react-dom": ">=16.9.0" } }, "sha512-w+XTUrfh7ArbYEd2582uDrEhmBHwK1ZENJiSJVb7uRxdE7qJSYjbO2eksRXmndqyKqKoYPc9ClpPh5242mV1vA=="],

    "rc-notification": ["rc-notification@5.6.4", "", { "dependencies": { "@babel/runtime": "^7.10.1", "classnames": "2.x", "rc-motion": "^2.9.0", "rc-util": "^5.20.1" }, "peerDependencies": { "react": ">=16.9.0", "react-dom": ">=16.9.0" } }, "sha512-KcS4O6B4qzM3KH7lkwOB7ooLPZ4b6J+VMmQgT51VZCeEcmghdeR4IrMcFq0LG+RPdnbe/ArT086tGM8Snimgiw=="],

    "rc-overflow": ["rc-overflow@1.4.1", "", { "dependencies": { "@babel/runtime": "^7.11.1", "classnames": "^2.2.1", "rc-resize-observer": "^1.0.0", "rc-util": "^5.37.0" }, "peerDependencies": { "react": ">=16.9.0", "react-dom": ">=16.9.0" } }, "sha512-3MoPQQPV1uKyOMVNd6SZfONi+f3st0r8PksexIdBTeIYbMX0Jr+k7pHEDvsXtR4BpCv90/Pv2MovVNhktKrwvw=="],

    "rc-pagination": ["rc-pagination@5.1.0", "", { "dependencies": { "@babel/runtime": "^7.10.1", "classnames": "^2.3.2", "rc-util": "^5.38.0" }, "peerDependencies": { "react": ">=16.9.0", "react-dom": ">=16.9.0" } }, "sha512-8416Yip/+eclTFdHXLKTxZvn70duYVGTvUUWbckCCZoIl3jagqke3GLsFrMs0bsQBikiYpZLD9206Ej4SOdOXQ=="],

    "rc-picker": ["rc-picker@4.11.3", "", { "dependencies": { "@babel/runtime": "^7.24.7", "@rc-component/trigger": "^2.0.0", "classnames": "^2.2.1", "rc-overflow": "^1.3.2", "rc-resize-observer": "^1.4.0", "rc-util": "^5.43.0" }, "peerDependencies": { "date-fns": ">= 2.x", "dayjs": ">= 1.x", "luxon": ">= 3.x", "moment": ">= 2.x", "react": ">=16.9.0", "react-dom": ">=16.9.0" }, "optionalPeers": ["date-fns", "dayjs", "luxon", "moment"] }, "sha512-MJ5teb7FlNE0NFHTncxXQ62Y5lytq6sh5nUw0iH8OkHL/TjARSEvSHpr940pWgjGANpjCwyMdvsEV55l5tYNSg=="],

    "rc-progress": ["rc-progress@4.0.0", "", { "dependencies": { "@babel/runtime": "^7.10.1", "classnames": "^2.2.6", "rc-util": "^5.16.1" }, "peerDependencies": { "react": ">=16.9.0", "react-dom": ">=16.9.0" } }, "sha512-oofVMMafOCokIUIBnZLNcOZFsABaUw8PPrf1/y0ZBvKZNpOiu5h4AO9vv11Sw0p4Hb3D0yGWuEattcQGtNJ/aw=="],

    "rc-rate": ["rc-rate@2.13.1", "", { "dependencies": { "@babel/runtime": "^7.10.1", "classnames": "^2.2.5", "rc-util": "^5.0.1" }, "peerDependencies": { "react": ">=16.9.0", "react-dom": ">=16.9.0" } }, "sha512-QUhQ9ivQ8Gy7mtMZPAjLbxBt5y9GRp65VcUyGUMF3N3fhiftivPHdpuDIaWIMOTEprAjZPC08bls1dQB+I1F2Q=="],

    "rc-resize-observer": ["rc-resize-observer@1.4.3", "", { "dependencies": { "@babel/runtime": "^7.20.7", "classnames": "^2.2.1", "rc-util": "^5.44.1", "resize-observer-polyfill": "^1.5.1" }, "peerDependencies": { "react": ">=16.9.0", "react-dom": ">=16.9.0" } }, "sha512-YZLjUbyIWox8E9i9C3Tm7ia+W7euPItNWSPX5sCcQTYbnwDb5uNpnLHQCG1f22oZWUhLw4Mv2tFmeWe68CDQRQ=="],

    "rc-segmented": ["rc-segmented@2.7.0", "", { "dependencies": { "@babel/runtime": "^7.11.1", "classnames": "^2.2.1", "rc-motion": "^2.4.4", "rc-util": "^5.17.0" }, "peerDependencies": { "react": ">=16.0.0", "react-dom": ">=16.0.0" } }, "sha512-liijAjXz+KnTRVnxxXG2sYDGd6iLL7VpGGdR8gwoxAXy2KglviKCxLWZdjKYJzYzGSUwKDSTdYk8brj54Bn5BA=="],

    "rc-select": ["rc-select@14.16.8", "", { "dependencies": { "@babel/runtime": "^7.10.1", "@rc-component/trigger": "^2.1.1", "classnames": "2.x", "rc-motion": "^2.0.1", "rc-overflow": "^1.3.1", "rc-util": "^5.16.1", "rc-virtual-list": "^3.5.2" }, "peerDependencies": { "react": "*", "react-dom": "*" } }, "sha512-NOV5BZa1wZrsdkKaiK7LHRuo5ZjZYMDxPP6/1+09+FB4KoNi8jcG1ZqLE3AVCxEsYMBe65OBx71wFoHRTP3LRg=="],

    "rc-slider": ["rc-slider@11.1.9", "", { "dependencies": { "@babel/runtime": "^7.10.1", "classnames": "^2.2.5", "rc-util": "^5.36.0" }, "peerDependencies": { "react": ">=16.9.0", "react-dom": ">=16.9.0" } }, "sha512-h8IknhzSh3FEM9u8ivkskh+Ef4Yo4JRIY2nj7MrH6GQmrwV6mcpJf5/4KgH5JaVI1H3E52yCdpOlVyGZIeph5A=="],

    "rc-steps": ["rc-steps@6.0.1", "", { "dependencies": { "@babel/runtime": "^7.16.7", "classnames": "^2.2.3", "rc-util": "^5.16.1" }, "peerDependencies": { "react": ">=16.9.0", "react-dom": ">=16.9.0" } }, "sha512-lKHL+Sny0SeHkQKKDJlAjV5oZ8DwCdS2hFhAkIjuQt1/pB81M0cA0ErVFdHq9+jmPmFw1vJB2F5NBzFXLJxV+g=="],

    "rc-switch": ["rc-switch@4.1.0", "", { "dependencies": { "@babel/runtime": "^7.21.0", "classnames": "^2.2.1", "rc-util": "^5.30.0" }, "peerDependencies": { "react": ">=16.9.0", "react-dom": ">=16.9.0" } }, "sha512-TI8ufP2Az9oEbvyCeVE4+90PDSljGyuwix3fV58p7HV2o4wBnVToEyomJRVyTaZeqNPAp+vqeo4Wnj5u0ZZQBg=="],

    "rc-table": ["rc-table@7.53.1", "", { "dependencies": { "@babel/runtime": "^7.10.1", "@rc-component/context": "^1.4.0", "classnames": "^2.2.5", "rc-resize-observer": "^1.1.0", "rc-util": "^5.44.3", "rc-virtual-list": "^3.14.2" }, "peerDependencies": { "react": ">=16.9.0", "react-dom": ">=16.9.0" } }, "sha512-firAd7Z+liqIDS5TubJ1qqcoBd6YcANLKWQDZhFf3rfoOTt/UNPj4n3O+2vhl+z4QMqwPEUVAil661WHA8H8Aw=="],

    "rc-tabs": ["rc-tabs@15.7.0", "", { "dependencies": { "@babel/runtime": "^7.11.2", "classnames": "2.x", "rc-dropdown": "~4.2.0", "rc-menu": "~9.16.0", "rc-motion": "^2.6.2", "rc-resize-observer": "^1.0.0", "rc-util": "^5.34.1" }, "peerDependencies": { "react": ">=16.9.0", "react-dom": ">=16.9.0" } }, "sha512-ZepiE+6fmozYdWf/9gVp7k56PKHB1YYoDsKeQA1CBlJ/POIhjkcYiv0AGP0w2Jhzftd3AVvZP/K+V+Lpi2ankA=="],

    "rc-textarea": ["rc-textarea@1.10.2", "", { "dependencies": { "@babel/runtime": "^7.10.1", "classnames": "^2.2.1", "rc-input": "~1.8.0", "rc-resize-observer": "^1.0.0", "rc-util": "^5.27.0" }, "peerDependencies": { "react": ">=16.9.0", "react-dom": ">=16.9.0" } }, "sha512-HfaeXiaSlpiSp0I/pvWpecFEHpVysZ9tpDLNkxQbMvMz6gsr7aVZ7FpWP9kt4t7DB+jJXesYS0us1uPZnlRnwQ=="],

    "rc-tooltip": ["rc-tooltip@6.4.0", "", { "dependencies": { "@babel/runtime": "^7.11.2", "@rc-component/trigger": "^2.0.0", "classnames": "^2.3.1", "rc-util": "^5.44.3" }, "peerDependencies": { "react": ">=16.9.0", "react-dom": ">=16.9.0" } }, "sha512-kqyivim5cp8I5RkHmpsp1Nn/Wk+1oeloMv9c7LXNgDxUpGm+RbXJGL+OPvDlcRnx9DBeOe4wyOIl4OKUERyH1g=="],

    "rc-tree": ["rc-tree@5.13.1", "", { "dependencies": { "@babel/runtime": "^7.10.1", "classnames": "2.x", "rc-motion": "^2.0.1", "rc-util": "^5.16.1", "rc-virtual-list": "^3.5.1" }, "peerDependencies": { "react": "*", "react-dom": "*" } }, "sha512-FNhIefhftobCdUJshO7M8uZTA9F4OPGVXqGfZkkD/5soDeOhwO06T/aKTrg0WD8gRg/pyfq+ql3aMymLHCTC4A=="],

    "rc-tree-select": ["rc-tree-select@5.27.0", "", { "dependencies": { "@babel/runtime": "^7.25.7", "classnames": "2.x", "rc-select": "~14.16.2", "rc-tree": "~5.13.0", "rc-util": "^5.43.0" }, "peerDependencies": { "react": "*", "react-dom": "*" } }, "sha512-2qTBTzwIT7LRI1o7zLyrCzmo5tQanmyGbSaGTIf7sYimCklAToVVfpMC6OAldSKolcnjorBYPNSKQqJmN3TCww=="],

    "rc-upload": ["rc-upload@4.9.2", "", { "dependencies": { "@babel/runtime": "^7.18.3", "classnames": "^2.2.5", "rc-util": "^5.2.0" }, "peerDependencies": { "react": ">=16.9.0", "react-dom": ">=16.9.0" } }, "sha512-nHx+9rbd1FKMiMRYsqQ3NkXUv7COHPBo3X1Obwq9SWS6/diF/A0aJ5OHubvwUAIDs+4RMleljV0pcrNUc823GQ=="],

    "rc-util": ["rc-util@5.44.4", "", { "dependencies": { "@babel/runtime": "^7.18.3", "react-is": "^18.2.0" }, "peerDependencies": { "react": ">=16.9.0", "react-dom": ">=16.9.0" } }, "sha512-resueRJzmHG9Q6rI/DfK6Kdv9/Lfls05vzMs1Sk3M2P+3cJa+MakaZyWY8IPfehVuhPJFKrIY1IK4GqbiaiY5w=="],

    "rc-virtual-list": ["rc-virtual-list@3.19.2", "", { "dependencies": { "@babel/runtime": "^7.20.0", "classnames": "^2.2.6", "rc-resize-observer": "^1.0.0", "rc-util": "^5.36.0" }, "peerDependencies": { "react": ">=16.9.0", "react-dom": ">=16.9.0" } }, "sha512-Ys6NcjwGkuwkeaWBDqfI3xWuZ7rDiQXlH1o2zLfFzATfEgXcqpk8CkgMfbJD81McqjcJVez25a3kPxCR807evA=="],

    "react": ["react@19.1.1", "", {}, "sha512-w8nqGImo45dmMIfljjMwOGtbmC/mk4CMYhWIicdSflH91J9TyCyczcPFXJzrZ/ZXcgGRFeP6BU0BEJTw6tZdfQ=="],

    "react-dom": ["react-dom@19.1.1", "", { "dependencies": { "scheduler": "^0.26.0" }, "peerDependencies": { "react": "^19.1.1" } }, "sha512-Dlq/5LAZgF0Gaz6yiqZCf6VCcZs1ghAJyrsu84Q/GT0gV+mCxbfmKNoGRKBYMJ8IEdGPqu49YWXD02GCknEDkw=="],

    "react-is": ["react-is@18.3.1", "", {}, "sha512-/LLMVyas0ljjAtoYiPqYiL8VWXzUUdThrmU5+n20DZv+a+ClRoevUzw5JxU+Ieh5/c87ytoTBV9G1FiKfNJdmg=="],

    "readdirp": ["readdirp@4.1.2", "", {}, "sha512-GDhwkLfywWL2s6vEjyhri+eXmfH6j1L7JE27WhqLeYzoh/A3DBaYGEj2H/HFZCn/kMfim73FXxEJTw06WtxQwg=="],

    "require-directory": ["require-directory@2.1.1", "", {}, "sha512-fGxEI7+wsG9xrvdjsrlmL22OMTTiHRwAMroiEeMgq8gzoLC/PQr7RsRDSTLUg/bZAZtF+TVIkHc6/4RIKrui+Q=="],

    "resize-observer-polyfill": ["resize-observer-polyfill@1.5.1", "", {}, "sha512-LwZrotdHOo12nQuZlHEmtuXdqGoOD0OhaxopaNFxWzInpEgaLWoVuAMbTzixuosCx2nEG58ngzW3vxdWoxIgdg=="],

    "rxjs": ["rxjs@7.8.2", "", { "dependencies": { "tslib": "^2.1.0" } }, "sha512-dhKf903U/PQZY6boNNtAGdWbG85WAbjT/1xYoZIC7FAY0yWapOBQVsVrDl58W86//e1VpMNBtRV4MaXfdMySFA=="],

    "safer-buffer": ["safer-buffer@2.1.2", "", {}, "sha512-YZo3K82SD7Riyi0E1EQPojLz7kpepnSQI9IyPbHHg1XXXevb5dJI7tpyN2ADxGcQbHG7vcyRHk0cbwqcQriUtg=="],

    "scheduler": ["scheduler@0.26.0", "", {}, "sha512-NlHwttCI/l5gCPR3D1nNXtWABUmBwvZpEQiD4IXSbIDq8BzLIK/7Ir5gTFSGZDUu37K5cMNp0hFtzO38sC7gWA=="],

    "scroll-into-view-if-needed": ["scroll-into-view-if-needed@3.1.0", "", { "dependencies": { "compute-scroll-into-view": "^3.0.2" } }, "sha512-49oNpRjWRvnU8NyGVmUaYG4jtTkNonFZI86MmGRDqBphEK2EXT9gdEUoQPZhuBM8yWHxCWbobltqYO5M4XrUvQ=="],

    "seq-queue": ["seq-queue@0.0.5", "", {}, "sha512-hr3Wtp/GZIc/6DAGPDcV4/9WoZhjrkXsi5B/07QgX8tsdc6ilr7BFM6PM6rbdAX1kFSDYeZGLipIZZKyQP0O5Q=="],

    "shell-quote": ["shell-quote@1.8.3", "", {}, "sha512-ObmnIF4hXNg1BqhnHmgbDETF8dLPCggZWBjkQfhZpbszZnYur5DUljTcCHii5LC3J5E0yeO/1LIMyH+UvHQgyw=="],

    "sqlstring": ["sqlstring@2.3.3", "", {}, "sha512-qC9iz2FlN7DQl3+wjwn3802RTyjCx7sDvfQEXchwa6CWOx07/WVfh91gBmQ9fahw8snwGEWU3xGzOt4tFyHLxg=="],

    "string-convert": ["string-convert@0.2.1", "", {}, "sha512-u/1tdPl4yQnPBjnVrmdLo9gtuLvELKsAoRapekWggdiQNvvvum+jYF329d84NAa660KQw7pB2n36KrIKVoXa3A=="],

    "string-width": ["string-width@4.2.3", "", { "dependencies": { "emoji-regex": "^8.0.0", "is-fullwidth-code-point": "^3.0.0", "strip-ansi": "^6.0.1" } }, "sha512-wKyQRQpjJ0sIp62ErSZdGsjMJWsap5oRNihHhu6G7JVO/9jIB6UyevL+tXuOqrng8j/cxKTWyWUwvSTriiZz/g=="],

    "strip-ansi": ["strip-ansi@6.0.1", "", { "dependencies": { "ansi-regex": "^5.0.1" } }, "sha512-Y38VPSHcqkFrCpFnQ9vuSXmquuv5oXOKpGeT6aGrr3o3Gc9AlVa6JBfUSOCnbxGGZF+/0ooI7KrPuUSztUdU5A=="],

    "stylis": ["stylis@4.3.6", "", {}, "sha512-yQ3rwFWRfwNUY7H5vpU0wfdkNSnvnJinhF9830Swlaxl03zsOjCfmX0ugac+3LtK0lYSgwL/KXc8oYL3mG4YFQ=="],

    "supports-color": ["supports-color@8.1.1", "", { "dependencies": { "has-flag": "^4.0.0" } }, "sha512-MpUEN2OodtUzxvKQl72cUF7RQ5EiHsGvSsVG0ia9c5RbWGL2CI4C7EpPS8UTBIplnlzZiNuV56w+FuNxy3ty2Q=="],

    "throttle-debounce": ["throttle-debounce@5.0.2", "", {}, "sha512-B71/4oyj61iNH0KeCamLuE2rmKuTO5byTOSVwECM5FA7TiAiAW+UqTKZ9ERueC4qvgSttUhdmq1mXC3kJqGX7A=="],

    "toggle-selection": ["toggle-selection@1.0.6", "", {}, "sha512-BiZS+C1OS8g/q2RRbJmy59xpyghNBqrr6k5L/uKBGRsTfxmu3ffiRnd8mlGPUVayg8pvfi5urfnu8TU7DVOkLQ=="],

    "tree-kill": ["tree-kill@1.2.2", "", { "bin": { "tree-kill": "cli.js" } }, "sha512-L0Orpi8qGpRG//Nd+H90vFB+3iHnue1zSSGmNOOCh1GLJ7rUKVwV2HvijphGQS2UmhUZewS9VgvxYIdgr+fG1A=="],

    "tslib": ["tslib@2.8.1", "", {}, "sha512-oJFu94HQb+KVduSUQL7wnpmqnfmLsOA/nAh6b6EH0wCEoK0/mPeXU6c3wKDV83MkOuHPRHtSXKKU99IBazS/2w=="],

    "wrap-ansi": ["wrap-ansi@7.0.0", "", { "dependencies": { "ansi-styles": "^4.0.0", "string-width": "^4.1.0", "strip-ansi": "^6.0.0" } }, "sha512-YVGIj2kamLSTxw6NsZjoBxfSwsn0ycdesmc4p+Q21c5zPuZ1pl+NfxVdxPtdHvmNVOQ6XSYG4AUtyt/Fi7D16Q=="],

    "y18n": ["y18n@5.0.8", "", {}, "sha512-0pfFzegeDWJHJIAmTLRP2DwHjdF5s7jo9tuztdQxAhINCdvS+3nGINqPd00AphqJR/0LhANUS6/+7SCb98YOfA=="],

    "yargs": ["yargs@17.7.2", "", { "dependencies": { "cliui": "^8.0.1", "escalade": "^3.1.1", "get-caller-file": "^2.0.5", "require-directory": "^2.1.1", "string-width": "^4.2.3", "y18n": "^5.0.5", "yargs-parser": "^21.1.1" } }, "sha512-7dSzzRQ++CKnNI/krKnYRV7JKKPUXMEh61soaHKg9mrWEhzFWhFnxPxGl+69cD1Ou63C13NUPCnmIcrvqCuM6w=="],

    "yargs-parser": ["yargs-parser@21.1.1", "", {}, "sha512-tVpsJW7DdjecAiFpbIB1e3qxIQsE6NoPc5/eTdrbbIC4h0LVsWhnoa3g+m2HclBIujHzsxZ4VJVA+GUuc2/LBw=="],

    "zustand": ["zustand@5.0.8", "", { "peerDependencies": { "@types/react": ">=18.0.0", "immer": ">=9.0.6", "react": ">=18.0.0", "use-sync-external-store": ">=1.2.0" }, "optionalPeers": ["@types/react", "immer", "react", "use-sync-external-store"] }, "sha512-gyPKpIaxY9XcO2vSMrLbiER7QMAMGOQZVRdJ6Zi782jkbzZygq5GI9nG8g+sMgitRtndwaBSl7uiqC49o1SSiw=="],

    "chalk/supports-color": ["supports-color@7.2.0", "", { "dependencies": { "has-flag": "^4.0.0" } }, "sha512-qpCAvRl9stuOHveKsn7HncJRvv501qIacKzQlO/+Lwxc9+0q2wLyv4Dfvt80/DPn2pqOBsJdDiogXGR9+OvwRw=="],
  }
}
